// !$*UTF8*$!
{
	archiveVersion = 1;
	classes = {
	};
	objectVersion = 56;
	objects = {

/* Begin PBXBuildFile section */
		7406CFE32909C6650033F87D /* AcademyMP07App.swift in Sources */ = {isa = PBXBuildFile; fileRef = 7406CFE22909C6640033F87D /* AcademyMP07App.swift */; };
		7406CFE52909C6650033F87D /* ContentView.swift in Sources */ = {isa = PBXBuildFile; fileRef = 7406CFE42909C6650033F87D /* ContentView.swift */; };
		7406CFE72909C6650033F87D /* Assets.xcassets in Resources */ = {isa = PBXBuildFile; fileRef = 7406CFE62909C6650033F87D /* Assets.xcassets */; };
		7406CFEA2909C6650033F87D /* Preview Assets.xcassets in Resources */ = {isa = PBXBuildFile; fileRef = 7406CFE92909C6650033F87D /* Preview Assets.xcassets */; };
		7406CFF22909CAED0033F87D /* WeatherModel.swift in Sources */ = {isa = PBXBuildFile; fileRef = 7406CFF12909CAED0033F87D /* WeatherModel.swift */; };
		7406CFF52909CCA40033F87D /* WeatherViewModel.swift in Sources */ = {isa = PBXBuildFile; fileRef = 7406CFF42909CCA40033F87D /* WeatherViewModel.swift */; };
		74208018291303EB0082869F /* WeatherCardView.swift in Sources */ = {isa = PBXBuildFile; fileRef = 74208017291303EB0082869F /* WeatherCardView.swift */; };
		7420801C291305D60082869F /* SheetView.swift in Sources */ = {isa = PBXBuildFile; fileRef = 7420801B291305D60082869F /* SheetView.swift */; };
		746477CE291C42A10055087D /* SettingsView.swift in Sources */ = {isa = PBXBuildFile; fileRef = 746477CD291C42A10055087D /* SettingsView.swift */; };
		74FF9B45290C6C5300B34AF3 /* DoubleExtensions.swift in Sources */ = {isa = PBXBuildFile; fileRef = 74FF9B44290C6C5300B34AF3 /* DoubleExtensions.swift */; };
		74FF9B472910986A00B34AF3 /* WeatherView.swift in Sources */ = {isa = PBXBuildFile; fileRef = 74FF9B462910986A00B34AF3 /* WeatherView.swift */; };
/* End PBXBuildFile section */

/* Begin PBXFileReference section */
		7406CFDF2909C6640033F87D /* AcademyMP07.app */ = {isa = PBXFileReference; explicitFileType = wrapper.application; includeInIndex = 0; path = AcademyMP07.app; sourceTree = BUILT_PRODUCTS_DIR; };
		7406CFE22909C6640033F87D /* AcademyMP07App.swift */ = {isa = PBXFileReference; lastKnownFileType = sourcecode.swift; path = AcademyMP07App.swift; sourceTree = "<group>"; };
		7406CFE42909C6650033F87D /* ContentView.swift */ = {isa = PBXFileReference; lastKnownFileType = sourcecode.swift; path = ContentView.swift; sourceTree = "<group>"; };
		7406CFE62909C6650033F87D /* Assets.xcassets */ = {isa = PBXFileReference; lastKnownFileType = folder.assetcatalog; path = Assets.xcassets; sourceTree = "<group>"; };
		7406CFE92909C6650033F87D /* Preview Assets.xcassets */ = {isa = PBXFileReference; lastKnownFileType = folder.assetcatalog; path = "Preview Assets.xcassets"; sourceTree = "<group>"; };
		7406CFF12909CAED0033F87D /* WeatherModel.swift */ = {isa = PBXFileReference; lastKnownFileType = sourcecode.swift; path = WeatherModel.swift; sourceTree = "<group>"; };
		7406CFF42909CCA40033F87D /* WeatherViewModel.swift */ = {isa = PBXFileReference; lastKnownFileType = sourcecode.swift; path = WeatherViewModel.swift; sourceTree = "<group>"; };
		74208017291303EB0082869F /* WeatherCardView.swift */ = {isa = PBXFileReference; lastKnownFileType = sourcecode.swift; path = WeatherCardView.swift; sourceTree = "<group>"; };
		7420801B291305D60082869F /* SheetView.swift */ = {isa = PBXFileReference; lastKnownFileType = sourcecode.swift; path = SheetView.swift; sourceTree = "<group>"; };
		746477CD291C42A10055087D /* SettingsView.swift */ = {isa = PBXFileReference; lastKnownFileType = sourcecode.swift; path = SettingsView.swift; sourceTree = "<group>"; };
		74FF9B44290C6C5300B34AF3 /* DoubleExtensions.swift */ = {isa = PBXFileReference; lastKnownFileType = sourcecode.swift; path = DoubleExtensions.swift; sourceTree = "<group>"; };
		74FF9B462910986A00B34AF3 /* WeatherView.swift */ = {isa = PBXFileReference; lastKnownFileType = sourcecode.swift; path = WeatherView.swift; sourceTree = "<group>"; };
/* End PBXFileReference section */

/* Begin PBXFrameworksBuildPhase section */
		7406CFDC2909C6640033F87D /* Frameworks */ = {
			isa = PBXFrameworksBuildPhase;
			buildActionMask = 2147483647;
			files = (
			);
			runOnlyForDeploymentPostprocessing = 0;
		};
/* End PBXFrameworksBuildPhase section */

/* Begin PBXGroup section */
		7406CFD62909C6640033F87D = {
			isa = PBXGroup;
			children = (
				7406CFE12909C6640033F87D /* AcademyMP07 */,
				7406CFE02909C6640033F87D /* Products */,
			);
			sourceTree = "<group>";
		};
		7406CFE02909C6640033F87D /* Products */ = {
			isa = PBXGroup;
			children = (
				7406CFDF2909C6640033F87D /* AcademyMP07.app */,
			);
			name = Products;
			sourceTree = "<group>";
		};
		7406CFE12909C6640033F87D /* AcademyMP07 */ = {
			isa = PBXGroup;
			children = (
				742080162912A8450082869F /* Views */,
				7406CFF32909CC8A0033F87D /* ViewModels */,
				7406CFF02909CAD80033F87D /* Model */,
				7406CFE22909C6640033F87D /* AcademyMP07App.swift */,
				7406CFE62909C6650033F87D /* Assets.xcassets */,
				74FF9B43290C6C4700B34AF3 /* Extensions */,
				7406CFE82909C6650033F87D /* Preview Content */,
			);
			path = AcademyMP07;
			sourceTree = "<group>";
		};
		7406CFE82909C6650033F87D /* Preview Content */ = {
			isa = PBXGroup;
			children = (
				7406CFE92909C6650033F87D /* Preview Assets.xcassets */,
			);
			path = "Preview Content";
			sourceTree = "<group>";
		};
		7406CFF02909CAD80033F87D /* Model */ = {
			isa = PBXGroup;
			children = (
				7406CFF12909CAED0033F87D /* WeatherModel.swift */,
			);
			path = Model;
			sourceTree = "<group>";
		};
		7406CFF32909CC8A0033F87D /* ViewModels */ = {
			isa = PBXGroup;
			children = (
				7406CFF42909CCA40033F87D /* WeatherViewModel.swift */,
			);
			path = ViewModels;
			sourceTree = "<group>";
		};
		742080162912A8450082869F /* Views */ = {
			isa = PBXGroup;
			children = (
				74FF9B462910986A00B34AF3 /* WeatherView.swift */,
				7406CFE42909C6650033F87D /* ContentView.swift */,
				74208017291303EB0082869F /* WeatherCardView.swift */,
				7420801B291305D60082869F /* SheetView.swift */,
				746477CD291C42A10055087D /* SettingsView.swift */,
			);
			path = Views;
			sourceTree = "<group>";
		};
		74FF9B43290C6C4700B34AF3 /* Extensions */ = {
			isa = PBXGroup;
			children = (
				74FF9B44290C6C5300B34AF3 /* DoubleExtensions.swift */,
			);
			path = Extensions;
			sourceTree = "<group>";
		};
/* End PBXGroup section */

/* Begin PBXNativeTarget section */
		7406CFDE2909C6640033F87D /* AcademyMP07 */ = {
			isa = PBXNativeTarget;
			buildConfigurationList = 7406CFED2909C6650033F87D /* Build configuration list for PBXNativeTarget "AcademyMP07" */;
			buildPhases = (
				7406CFDB2909C6640033F87D /* Sources */,
				7406CFDC2909C6640033F87D /* Frameworks */,
				7406CFDD2909C6640033F87D /* Resources */,
			);
			buildRules = (
			);
			dependencies = (
			);
			name = AcademyMP07;
			productName = AcademyMP07;
			productReference = 7406CFDF2909C6640033F87D /* AcademyMP07.app */;
			productType = "com.apple.product-type.application";
		};
/* End PBXNativeTarget section */

/* Begin PBXProject section */
		7406CFD72909C6640033F87D /* Project object */ = {
			isa = PBXProject;
			attributes = {
				BuildIndependentTargetsInParallel = 1;
				LastSwiftUpdateCheck = 1400;
				LastUpgradeCheck = 1400;
				TargetAttributes = {
					7406CFDE2909C6640033F87D = {
						CreatedOnToolsVersion = 14.0;
					};
				};
			};
			buildConfigurationList = 7406CFDA2909C6640033F87D /* Build configuration list for PBXProject "AcademyMP07" */;
			compatibilityVersion = "Xcode 14.0";
			developmentRegion = en;
			hasScannedForEncodings = 0;
			knownRegions = (
				en,
				Base,
			);
			mainGroup = 7406CFD62909C6640033F87D;
			productRefGroup = 7406CFE02909C6640033F87D /* Products */;
			projectDirPath = "";
			projectRoot = "";
			targets = (
				7406CFDE2909C6640033F87D /* AcademyMP07 */,
			);
		};
/* End PBXProject section */

/* Begin PBXResourcesBuildPhase section */
		7406CFDD2909C6640033F87D /* Resources */ = {
			isa = PBXResourcesBuildPhase;
			buildActionMask = 2147483647;
			files = (
				7406CFEA2909C6650033F87D /* Preview Assets.xcassets in Resources */,
				7406CFE72909C6650033F87D /* Assets.xcassets in Resources */,
			);
			runOnlyForDeploymentPostprocessing = 0;
		};
/* End PBXResourcesBuildPhase section */

/* Begin PBXSourcesBuildPhase section */
		7406CFDB2909C6640033F87D /* Sources */ = {
			isa = PBXSourcesBuildPhase;
			buildActionMask = 2147483647;
			files = (
				7406CFE52909C6650033F87D /* ContentView.swift in Sources */,
				7420801C291305D60082869F /* SheetView.swift in Sources */,
				7406CFF52909CCA40033F87D /* WeatherViewModel.swift in Sources */,
				746477CE291C42A10055087D /* SettingsView.swift in Sources */,
				74FF9B45290C6C5300B34AF3 /* DoubleExtensions.swift in Sources */,
				74208018291303EB0082869F /* WeatherCardView.swift in Sources */,
				74FF9B472910986A00B34AF3 /* WeatherView.swift in Sources */,
				7406CFF22909CAED0033F87D /* WeatherModel.swift in Sources */,
				7406CFE32909C6650033F87D /* AcademyMP07App.swift in Sources */,
			);
			runOnlyForDeploymentPostprocessing = 0;
		};
/* End PBXSourcesBuildPhase section */

/* Begin XCBuildConfiguration section */
		7406CFEB2909C6650033F87D /* Debug */ = {
			isa = XCBuildConfiguration;
			buildSettings = {
				ALWAYS_SEARCH_USER_PATHS = NO;
				CLANG_ANALYZER_NONNULL = YES;
				CLANG_ANALYZER_NUMBER_OBJECT_CONVERSION = YES_AGGRESSIVE;
				CLANG_CXX_LANGUAGE_STANDARD = "gnu++20";
				CLANG_ENABLE_MODULES = YES;
				CLANG_ENABLE_OBJC_ARC = YES;
				CLANG_ENABLE_OBJC_WEAK = YES;
				CLANG_WARN_BLOCK_CAPTURE_AUTORELEASING = YES;
				CLANG_WARN_BOOL_CONVERSION = YES;
				CLANG_WARN_COMMA = YES;
				CLANG_WARN_CONSTANT_CONVERSION = YES;
				CLANG_WARN_DEPRECATED_OBJC_IMPLEMENTATIONS = YES;
				CLANG_WARN_DIRECT_OBJC_ISA_USAGE = YES_ERROR;
				CLANG_WARN_DOCUMENTATION_COMMENTS = YES;
				CLANG_WARN_EMPTY_BODY = YES;
				CLANG_WARN_ENUM_CONVERSION = YES;
				CLANG_WARN_INFINITE_RECURSION = YES;
				CLANG_WARN_INT_CONVERSION = YES;
				CLANG_WARN_NON_LITERAL_NULL_CONVERSION = YES;
				CLANG_WARN_OBJC_IMPLICIT_RETAIN_SELF = YES;
				CLANG_WARN_OBJC_LITERAL_CONVERSION = YES;
				CLANG_WARN_OBJC_ROOT_CLASS = YES_ERROR;
				CLANG_WARN_QUOTED_INCLUDE_IN_FRAMEWORK_HEADER = YES;
				CLANG_WARN_RANGE_LOOP_ANALYSIS = YES;
				CLANG_WARN_STRICT_PROTOTYPES = YES;
				CLANG_WARN_SUSPICIOUS_MOVE = YES;
				CLANG_WARN_UNGUARDED_AVAILABILITY = YES_AGGRESSIVE;
				CLANG_WARN_UNREACHABLE_CODE = YES;
				CLANG_WARN__DUPLICATE_METHOD_MATCH = YES;
				COPY_PHASE_STRIP = NO;
				DEBUG_INFORMATION_FORMAT = dwarf;
				ENABLE_STRICT_OBJC_MSGSEND = YES;
				ENABLE_TESTABILITY = YES;
				GCC_C_LANGUAGE_STANDARD = gnu11;
				GCC_DYNAMIC_NO_PIC = NO;
				GCC_NO_COMMON_BLOCKS = YES;
				GCC_OPTIMIZATION_LEVEL = 0;
				GCC_PREPROCESSOR_DEFINITIONS = (
					"DEBUG=1",
					"$(inherited)",
				);
				GCC_WARN_64_TO_32_BIT_CONVERSION = YES;
				GCC_WARN_ABOUT_RETURN_TYPE = YES_ERROR;
				GCC_WARN_UNDECLARED_SELECTOR = YES;
				GCC_WARN_UNINITIALIZED_AUTOS = YES_AGGRESSIVE;
				GCC_WARN_UNUSED_FUNCTION = YES;
				GCC_WARN_UNUSED_VARIABLE = YES;
				IPHONEOS_DEPLOYMENT_TARGET = 16.0;
				MTL_ENABLE_DEBUG_INFO = INCLUDE_SOURCE;
				MTL_FAST_MATH = YES;
				ONLY_ACTIVE_ARCH = YES;
				SDKROOT = iphoneos;
				SWIFT_ACTIVE_COMPILATION_CONDITIONS = DEBUG;
				SWIFT_OPTIMIZATION_LEVEL = "-Onone";
			};
			name = Debug;
		};
		7406CFEC2909C6650033F87D /* Release */ = {
			isa = XCBuildConfiguration;
			buildSettings = {
				ALWAYS_SEARCH_USER_PATHS = NO;
				CLANG_ANALYZER_NONNULL = YES;
				CLANG_ANALYZER_NUMBER_OBJECT_CONVERSION = YES_AGGRESSIVE;
				CLANG_CXX_LANGUAGE_STANDARD = "gnu++20";
				CLANG_ENABLE_MODULES = YES;
				CLANG_ENABLE_OBJC_ARC = YES;
				CLANG_ENABLE_OBJC_WEAK = YES;
				CLANG_WARN_BLOCK_CAPTURE_AUTORELEASING = YES;
				CLANG_WARN_BOOL_CONVERSION = YES;
				CLANG_WARN_COMMA = YES;
				CLANG_WARN_CONSTANT_CONVERSION = YES;
				CLANG_WARN_DEPRECATED_OBJC_IMPLEMENTATIONS = YES;
				CLANG_WARN_DIRECT_OBJC_ISA_USAGE = YES_ERROR;
				CLANG_WARN_DOCUMENTATION_COMMENTS = YES;
				CLANG_WARN_EMPTY_BODY = YES;
				CLANG_WARN_ENUM_CONVERSION = YES;
				CLANG_WARN_INFINITE_RECURSION = YES;
				CLANG_WARN_INT_CONVERSION = YES;
				CLANG_WARN_NON_LITERAL_NULL_CONVERSION = YES;
				CLANG_WARN_OBJC_IMPLICIT_RETAIN_SELF = YES;
				CLANG_WARN_OBJC_LITERAL_CONVERSION = YES;
				CLANG_WARN_OBJC_ROOT_CLASS = YES_ERROR;
				CLANG_WARN_QUOTED_INCLUDE_IN_FRAMEWORK_HEADER = YES;
				CLANG_WARN_RANGE_LOOP_ANALYSIS = YES;
				CLANG_WARN_STRICT_PROTOTYPES = YES;
				CLANG_WARN_SUSPICIOUS_MOVE = YES;
				CLANG_WARN_UNGUARDED_AVAILABILITY = YES_AGGRESSIVE;
				CLANG_WARN_UNREACHABLE_CODE = YES;
				CLANG_WARN__DUPLICATE_METHOD_MATCH = YES;
				COPY_PHASE_STRIP = NO;
				DEBUG_INFORMATION_FORMAT = "dwarf-with-dsym";
				ENABLE_NS_ASSERTIONS = NO;
				ENABLE_STRICT_OBJC_MSGSEND = YES;
				GCC_C_LANGUAGE_STANDARD = gnu11;
				GCC_NO_COMMON_BLOCKS = YES;
				GCC_WARN_64_TO_32_BIT_CONVERSION = YES;
				GCC_WARN_ABOUT_RETURN_TYPE = YES_ERROR;
				GCC_WARN_UNDECLARED_SELECTOR = YES;
				GCC_WARN_UNINITIALIZED_AUTOS = YES_AGGRESSIVE;
				GCC_WARN_UNUSED_FUNCTION = YES;
				GCC_WARN_UNUSED_VARIABLE = YES;
				IPHONEOS_DEPLOYMENT_TARGET = 16.0;
				MTL_ENABLE_DEBUG_INFO = NO;
				MTL_FAST_MATH = YES;
				SDKROOT = iphoneos;
				SWIFT_COMPILATION_MODE = wholemodule;
				SWIFT_OPTIMIZATION_LEVEL = "-O";
				VALIDATE_PRODUCT = YES;
			};
			name = Release;
		};
		7406CFEE2909C6650033F87D /* Debug */ = {
			isa = XCBuildConfiguration;
			buildSettings = {
				ASSETCATALOG_COMPILER_APPICON_NAME = AppIcon;
				ASSETCATALOG_COMPILER_GLOBAL_ACCENT_COLOR_NAME = AccentColor;
				CODE_SIGN_STYLE = Automatic;
				CURRENT_PROJECT_VERSION = 1;
				DEVELOPMENT_ASSET_PATHS = "\"AcademyMP07/Preview Content\"";
				ENABLE_PREVIEWS = YES;
				GENERATE_INFOPLIST_FILE = YES;
				INFOPLIST_KEY_UIApplicationSceneManifest_Generation = YES;
				INFOPLIST_KEY_UIApplicationSupportsIndirectInputEvents = YES;
				INFOPLIST_KEY_UILaunchScreen_Generation = YES;
				INFOPLIST_KEY_UISupportedInterfaceOrientations_iPad = "UIInterfaceOrientationPortrait UIInterfaceOrientationPortraitUpsideDown UIInterfaceOrientationLandscapeLeft UIInterfaceOrientationLandscapeRight";
				INFOPLIST_KEY_UISupportedInterfaceOrientations_iPhone = "UIInterfaceOrientationPortrait UIInterfaceOrientationLandscapeLeft UIInterfaceOrientationLandscapeRight";
				LD_RUNPATH_SEARCH_PATHS = (
					"$(inherited)",
					"@executable_path/Frameworks",
				);
				MARKETING_VERSION = 1.0;
				PRODUCT_BUNDLE_IDENTIFIER = "App-Team.AcademyMP07";
				PRODUCT_NAME = "$(TARGET_NAME)";
				SWIFT_EMIT_LOC_STRINGS = YES;
				SWIFT_VERSION = 5.0;
				TARGETED_DEVICE_FAMILY = "1,2";
			};
			name = Debug;
		};
		7406CFEF2909C6650033F87D /* Release */ = {
			isa = XCBuildConfiguration;
			buildSettings = {
				ASSETCATALOG_COMPILER_APPICON_NAME = AppIcon;
				ASSETCATALOG_COMPILER_GLOBAL_ACCENT_COLOR_NAME = AccentColor;
				CODE_SIGN_STYLE = Automatic;
				CURRENT_PROJECT_VERSION = 1;
				DEVELOPMENT_ASSET_PATHS = "\"AcademyMP07/Preview Content\"";
				ENABLE_PREVIEWS = YES;
				GENERATE_INFOPLIST_FILE = YES;
				INFOPLIST_KEY_UIApplicationSceneManifest_Generation = YES;
				INFOPLIST_KEY_UIApplicationSupportsIndirectInputEvents = YES;
				INFOPLIST_KEY_UILaunchScreen_Generation = YES;
				INFOPLIST_KEY_UISupportedInterfaceOrientations_iPad = "UIInterfaceOrientationPortrait UIInterfaceOrientationPortraitUpsideDown UIInterfaceOrientationLandscapeLeft UIInterfaceOrientationLandscapeRight";
				INFOPLIST_KEY_UISupportedInterfaceOrientations_iPhone = "UIInterfaceOrientationPortrait UIInterfaceOrientationLandscapeLeft UIInterfaceOrientationLandscapeRight";
				LD_RUNPATH_SEARCH_PATHS = (
					"$(inherited)",
					"@executable_path/Frameworks",
				);
				MARKETING_VERSION = 1.0;
				PRODUCT_BUNDLE_IDENTIFIER = "App-Team.AcademyMP07";
				PRODUCT_NAME = "$(TARGET_NAME)";
				SWIFT_EMIT_LOC_STRINGS = YES;
				SWIFT_VERSION = 5.0;
				TARGETED_DEVICE_FAMILY = "1,2";
			};
			name = Release;
		};
/* End XCBuildConfiguration section */

/* Begin XCConfigurationList section */
		7406CFDA2909C6640033F87D /* Build configuration list for PBXProject "AcademyMP07" */ = {
			isa = XCConfigurationList;
			buildConfigurations = (
				7406CFEB2909C6650033F87D /* Debug */,
				7406CFEC2909C6650033F87D /* Release */,
			);
			defaultConfigurationIsVisible = 0;
			defaultConfigurationName = Release;
		};
		7406CFED2909C6650033F87D /* Build configuration list for PBXNativeTarget "AcademyMP07" */ = {
			isa = XCConfigurationList;
			buildConfigurations = (
				7406CFEE2909C6650033F87D /* Debug */,
				7406CFEF2909C6650033F87D /* Release */,
			);
			defaultConfigurationIsVisible = 0;
			defaultConfigurationName = Release;
		};
/* End XCConfigurationList section */
	};
	rootObject = 7406CFD72909C6640033F87D /* Project object */;
}
